
Microsoft Visual Studio Solution File, Format Version 12.00
# Visual Studio Version 16
VisualStudioVersion = 16.0.29911.84
MinimumVisualStudioVersion = 10.0.40219.1
Project("{FAE04EC0-301F-11D3-BF4B-00C04F79EFBC}") = "Cw3", "Cw3\Cw3.csproj", "{0E0EA3B8-43B9-46BA-9253-6F146A9978FE}"
EndProject
Global
	GlobalSection(SolutionConfigurationPlatforms) = preSolution
		Debug|Any CPU = Debug|Any CPU
		Release|Any CPU = Release|Any CPU
	EndGlobalSection
	GlobalSection(ProjectConfigurationPlatforms) = postSolution
		{0E0EA3B8-43B9-46BA-9253-6F146A9978FE}.Debug|Any CPU.ActiveCfg = Debug|Any CPU
		{0E0EA3B8-43B9-46BA-9253-6F146A9978FE}.Debug|Any CPU.Build.0 = Debug|Any CPU
		{0E0EA3B8-43B9-46BA-9253-6F146A9978FE}.Release|Any CPU.ActiveCfg = Release|Any CPU
		{0E0EA3B8-43B9-46BA-9253-6F146A9978FE}.Release|Any CPU.Build.0 = Release|Any CPU
	EndGlobalSection
	GlobalSection(SolutionProperties) = preSolution
		HideSolutionNode = FALSE
	EndGlobalSection
	GlobalSection(ExtensibilityGlobals) = postSolution
		SolutionGuid = {3846E54B-AD99-4A61-83A8-204939408020}
	EndGlobalSection
EndGlobal
